{
  "name": "penguin_nurse",
  "lockfileVersion": 3,
  "requires": true,
  "packages": {
    "": {
      "dependencies": {
        "tailwindcss": "^4.0.0"
      },
      "devDependencies": {
        "daisyui": "^5.0.0-beta.8"
      }
    },
    "node_modules/daisyui": {
      "version": "5.0.0-beta.8",
      "resolved": "https://registry.npmjs.org/daisyui/-/daisyui-5.0.0-beta.8.tgz",
      "integrity": "sha512-jSokqm5i+Pv1jG80wliNzMHjmcF+iMx5xRUpk0/QExVoVNyQNWeCsaWJQubPvUq7bt9nzSsQTR2uIZBoyIIoaA==",
      "dev": true,
      "license": "MIT",
      "funding": {
        "url": "https://github.com/saadeghi/daisyui?sponsor=1"
      }
    },
    "node_modules/tailwindcss": {
      "version": "4.0.0",
      "resolved": "https://registry.npmjs.org/tailwindcss/-/tailwindcss-4.0.0.tgz",
      "integrity": "sha512-ULRPI3A+e39T7pSaf1xoi58AqqJxVCLg8F/uM5A3FadUbnyDTgltVnXJvdkTjwCOGA6NazqHVcwPJC5h2vRYVQ==",
      "license": "MIT"
    }
  }
}
